
Microsoft Visual Studio Solution File, Format Version 12.00
# Visual Studio 15
VisualStudioVersion = 15.0.28010.2003
MinimumVisualStudioVersion = 10.0.40219.1
Project("{FAE04EC0-301F-11D3-BF4B-00C04F79EFBC}") = "DebugDemo", "DebugDemo\DebugDemo.csproj", "{C739E1FF-A219-45A5-B71F-B9EC45DFCEB9}"
EndProject
Project("{FAE04EC0-301F-11D3-BF4B-00C04F79EFBC}") = "ConsoleDemo", "ConsoleDemo\ConsoleDemo.csproj", "{7F1D7538-378A-4F4A-996B-CF93847DC5E7}"
EndProject
Project("{FAE04EC0-301F-11D3-BF4B-00C04F79EFBC}") = "Variabler", "Variabler\Variabler.csproj", "{BDE2DD3B-CAEF-451A-BA4D-64C16FEB8F37}"
EndProject
Project("{FAE04EC0-301F-11D3-BF4B-00C04F79EFBC}") = "Flow", "Flow\Flow.csproj", "{144C3E55-B00D-497A-8F59-4CA3D5B920AB}"
EndProject
Project("{FAE04EC0-301F-11D3-BF4B-00C04F79EFBC}") = "Metoder", "Metoder\Metoder.csproj", "{B1CA653C-A161-4D77-B8BE-153F15ED9556}"
EndProject
Project("{FAE04EC0-301F-11D3-BF4B-00C04F79EFBC}") = "Fejl", "Fejl\Fejl.csproj", "{E537A64D-07FC-4D03-92DB-87E475156F75}"
EndProject
Project("{FAE04EC0-301F-11D3-BF4B-00C04F79EFBC}") = "LogDemo", "LogDemo\LogDemo.csproj", "{7B601DAA-F2C3-464A-A8A0-AFC0D30B097D}"
EndProject
Project("{FAE04EC0-301F-11D3-BF4B-00C04F79EFBC}") = "Hukommelse", "Hukommelse\Hukommelse.csproj", "{ACB8E9F5-E79E-407F-9921-0306377A8225}"
EndProject
Project("{FAE04EC0-301F-11D3-BF4B-00C04F79EFBC}") = "Klasse", "Klasse\Klasse.csproj", "{9A062ECA-8044-48D0-B34F-90E11BB78370}"
EndProject
Project("{FAE04EC0-301F-11D3-BF4B-00C04F79EFBC}") = "Egenskaber", "Egenskaber\Egenskaber.csproj", "{B8C87512-6F0C-4BE0-9286-27B10A931C6A}"
EndProject
Project("{FAE04EC0-301F-11D3-BF4B-00C04F79EFBC}") = "Egenskaber2", "Egenskaber2\Egenskaber2.csproj", "{9D8D5B11-0D14-4E97-A85F-7ABAA3826F7B}"
EndProject
Project("{FAE04EC0-301F-11D3-BF4B-00C04F79EFBC}") = "ArrayDemo", "ArrayDemo\ArrayDemo.csproj", "{8BA12BC5-975F-45D0-856C-9A3E8EE3AB8B}"
EndProject
Project("{FAE04EC0-301F-11D3-BF4B-00C04F79EFBC}") = "Samlinger", "Samlinger\Samlinger.csproj", "{CF754CD9-2E52-49A1-9CA0-58B8851C4522}"
EndProject
Project("{FAE04EC0-301F-11D3-BF4B-00C04F79EFBC}") = "Arv", "Arv\Arv.csproj", "{F224A20B-0143-47C7-9470-70974A8CCB55}"
EndProject
Project("{FAE04EC0-301F-11D3-BF4B-00C04F79EFBC}") = "Poly", "Poly\Poly.csproj", "{34928261-2B7E-47A3-843A-20AA66931352}"
EndProject
Project("{FAE04EC0-301F-11D3-BF4B-00C04F79EFBC}") = "Poly2", "Poly2\Poly2.csproj", "{EFBED714-EFF3-4A1A-8A8F-9EBA4A2C7DE8}"
EndProject
Project("{FAE04EC0-301F-11D3-BF4B-00C04F79EFBC}") = "Poly3", "Poly3\Poly3.csproj", "{B26F91E5-65D9-4682-9857-838C34D94AD0}"
EndProject
Project("{FAE04EC0-301F-11D3-BF4B-00C04F79EFBC}") = "Interface", "Interface\Interface.csproj", "{287F24FF-CB18-4564-9FC9-3DA2AB2B7AE3}"
EndProject
Project("{FAE04EC0-301F-11D3-BF4B-00C04F79EFBC}") = "Afkobling", "Afkobling\Afkobling.csproj", "{22A286FE-6D39-400C-AE0D-6C25F5BC8ED5}"
EndProject
Project("{FAE04EC0-301F-11D3-BF4B-00C04F79EFBC}") = "DelegateDemo", "DelegateDemo\DelegateDemo.csproj", "{6046CD03-9091-4481-ADE7-D21F7EF68E2F}"
EndProject
Project("{FAE04EC0-301F-11D3-BF4B-00C04F79EFBC}") = "Lambda", "Lambda\Lambda.csproj", "{C84A2089-2168-43B9-BD26-72E91116F98A}"
EndProject
Project("{FAE04EC0-301F-11D3-BF4B-00C04F79EFBC}") = "EventDemo", "EventDemo\EventDemo.csproj", "{4D82C9BD-1A3E-441D-B554-711FEA43CAEF}"
EndProject
Project("{FAE04EC0-301F-11D3-BF4B-00C04F79EFBC}") = "WinFormDemo", "WinFormDemo\WinFormDemo.csproj", "{48A6E67E-A41E-444B-91F3-4DA3C828A354}"
EndProject
Project("{FAE04EC0-301F-11D3-BF4B-00C04F79EFBC}") = "Opryd", "Opryd\Opryd.csproj", "{ED310DA7-7CEC-4614-BF37-8A0F58C05FBE}"
EndProject
Project("{FAE04EC0-301F-11D3-BF4B-00C04F79EFBC}") = "DynmaicDemo", "DynmaicDemo\DynmaicDemo.csproj", "{C4B866DE-901D-4F7D-BD6C-5DD4ED471CB2}"
EndProject
Project("{FAE04EC0-301F-11D3-BF4B-00C04F79EFBC}") = "LINQDemo", "LINQDemo\LINQDemo.csproj", "{F98E4C31-AB8A-4EF6-B90C-D354AB946A56}"
EndProject
Project("{FAE04EC0-301F-11D3-BF4B-00C04F79EFBC}") = "XmlDemo", "XmlDemo\XmlDemo.csproj", "{63BFC1B5-38C1-4B99-AAE6-D4EF7B179C15}"
EndProject
Project("{FAE04EC0-301F-11D3-BF4B-00C04F79EFBC}") = "iodemo", "iodemo\iodemo.csproj", "{804F196D-A629-4933-9419-9774BBE59289}"
EndProject
Project("{FAE04EC0-301F-11D3-BF4B-00C04F79EFBC}") = "Diverse", "Diverse\Diverse.csproj", "{C34C865C-40A7-4C8E-BD22-F13544752EF1}"
EndProject
Global
	GlobalSection(SolutionConfigurationPlatforms) = preSolution
		Debug|Any CPU = Debug|Any CPU
		Release|Any CPU = Release|Any CPU
	EndGlobalSection
	GlobalSection(ProjectConfigurationPlatforms) = postSolution
		{C739E1FF-A219-45A5-B71F-B9EC45DFCEB9}.Debug|Any CPU.ActiveCfg = Debug|Any CPU
		{C739E1FF-A219-45A5-B71F-B9EC45DFCEB9}.Debug|Any CPU.Build.0 = Debug|Any CPU
		{C739E1FF-A219-45A5-B71F-B9EC45DFCEB9}.Release|Any CPU.ActiveCfg = Release|Any CPU
		{C739E1FF-A219-45A5-B71F-B9EC45DFCEB9}.Release|Any CPU.Build.0 = Release|Any CPU
		{7F1D7538-378A-4F4A-996B-CF93847DC5E7}.Debug|Any CPU.ActiveCfg = Debug|Any CPU
		{7F1D7538-378A-4F4A-996B-CF93847DC5E7}.Debug|Any CPU.Build.0 = Debug|Any CPU
		{7F1D7538-378A-4F4A-996B-CF93847DC5E7}.Release|Any CPU.ActiveCfg = Release|Any CPU
		{7F1D7538-378A-4F4A-996B-CF93847DC5E7}.Release|Any CPU.Build.0 = Release|Any CPU
		{BDE2DD3B-CAEF-451A-BA4D-64C16FEB8F37}.Debug|Any CPU.ActiveCfg = Debug|Any CPU
		{BDE2DD3B-CAEF-451A-BA4D-64C16FEB8F37}.Debug|Any CPU.Build.0 = Debug|Any CPU
		{BDE2DD3B-CAEF-451A-BA4D-64C16FEB8F37}.Release|Any CPU.ActiveCfg = Release|Any CPU
		{BDE2DD3B-CAEF-451A-BA4D-64C16FEB8F37}.Release|Any CPU.Build.0 = Release|Any CPU
		{144C3E55-B00D-497A-8F59-4CA3D5B920AB}.Debug|Any CPU.ActiveCfg = Debug|Any CPU
		{144C3E55-B00D-497A-8F59-4CA3D5B920AB}.Debug|Any CPU.Build.0 = Debug|Any CPU
		{144C3E55-B00D-497A-8F59-4CA3D5B920AB}.Release|Any CPU.ActiveCfg = Release|Any CPU
		{144C3E55-B00D-497A-8F59-4CA3D5B920AB}.Release|Any CPU.Build.0 = Release|Any CPU
		{B1CA653C-A161-4D77-B8BE-153F15ED9556}.Debug|Any CPU.ActiveCfg = Debug|Any CPU
		{B1CA653C-A161-4D77-B8BE-153F15ED9556}.Debug|Any CPU.Build.0 = Debug|Any CPU
		{B1CA653C-A161-4D77-B8BE-153F15ED9556}.Release|Any CPU.ActiveCfg = Release|Any CPU
		{B1CA653C-A161-4D77-B8BE-153F15ED9556}.Release|Any CPU.Build.0 = Release|Any CPU
		{E537A64D-07FC-4D03-92DB-87E475156F75}.Debug|Any CPU.ActiveCfg = Debug|Any CPU
		{E537A64D-07FC-4D03-92DB-87E475156F75}.Debug|Any CPU.Build.0 = Debug|Any CPU
		{E537A64D-07FC-4D03-92DB-87E475156F75}.Release|Any CPU.ActiveCfg = Release|Any CPU
		{E537A64D-07FC-4D03-92DB-87E475156F75}.Release|Any CPU.Build.0 = Release|Any CPU
		{7B601DAA-F2C3-464A-A8A0-AFC0D30B097D}.Debug|Any CPU.ActiveCfg = Debug|Any CPU
		{7B601DAA-F2C3-464A-A8A0-AFC0D30B097D}.Debug|Any CPU.Build.0 = Debug|Any CPU
		{7B601DAA-F2C3-464A-A8A0-AFC0D30B097D}.Release|Any CPU.ActiveCfg = Release|Any CPU
		{7B601DAA-F2C3-464A-A8A0-AFC0D30B097D}.Release|Any CPU.Build.0 = Release|Any CPU
		{ACB8E9F5-E79E-407F-9921-0306377A8225}.Debug|Any CPU.ActiveCfg = Debug|Any CPU
		{ACB8E9F5-E79E-407F-9921-0306377A8225}.Debug|Any CPU.Build.0 = Debug|Any CPU
		{ACB8E9F5-E79E-407F-9921-0306377A8225}.Release|Any CPU.ActiveCfg = Release|Any CPU
		{ACB8E9F5-E79E-407F-9921-0306377A8225}.Release|Any CPU.Build.0 = Release|Any CPU
		{9A062ECA-8044-48D0-B34F-90E11BB78370}.Debug|Any CPU.ActiveCfg = Debug|Any CPU
		{9A062ECA-8044-48D0-B34F-90E11BB78370}.Debug|Any CPU.Build.0 = Debug|Any CPU
		{9A062ECA-8044-48D0-B34F-90E11BB78370}.Release|Any CPU.ActiveCfg = Release|Any CPU
		{9A062ECA-8044-48D0-B34F-90E11BB78370}.Release|Any CPU.Build.0 = Release|Any CPU
		{B8C87512-6F0C-4BE0-9286-27B10A931C6A}.Debug|Any CPU.ActiveCfg = Debug|Any CPU
		{B8C87512-6F0C-4BE0-9286-27B10A931C6A}.Debug|Any CPU.Build.0 = Debug|Any CPU
		{B8C87512-6F0C-4BE0-9286-27B10A931C6A}.Release|Any CPU.ActiveCfg = Release|Any CPU
		{B8C87512-6F0C-4BE0-9286-27B10A931C6A}.Release|Any CPU.Build.0 = Release|Any CPU
		{9D8D5B11-0D14-4E97-A85F-7ABAA3826F7B}.Debug|Any CPU.ActiveCfg = Debug|Any CPU
		{9D8D5B11-0D14-4E97-A85F-7ABAA3826F7B}.Debug|Any CPU.Build.0 = Debug|Any CPU
		{9D8D5B11-0D14-4E97-A85F-7ABAA3826F7B}.Release|Any CPU.ActiveCfg = Release|Any CPU
		{9D8D5B11-0D14-4E97-A85F-7ABAA3826F7B}.Release|Any CPU.Build.0 = Release|Any CPU
		{8BA12BC5-975F-45D0-856C-9A3E8EE3AB8B}.Debug|Any CPU.ActiveCfg = Debug|Any CPU
		{8BA12BC5-975F-45D0-856C-9A3E8EE3AB8B}.Debug|Any CPU.Build.0 = Debug|Any CPU
		{8BA12BC5-975F-45D0-856C-9A3E8EE3AB8B}.Release|Any CPU.ActiveCfg = Release|Any CPU
		{8BA12BC5-975F-45D0-856C-9A3E8EE3AB8B}.Release|Any CPU.Build.0 = Release|Any CPU
		{CF754CD9-2E52-49A1-9CA0-58B8851C4522}.Debug|Any CPU.ActiveCfg = Debug|Any CPU
		{CF754CD9-2E52-49A1-9CA0-58B8851C4522}.Debug|Any CPU.Build.0 = Debug|Any CPU
		{CF754CD9-2E52-49A1-9CA0-58B8851C4522}.Release|Any CPU.ActiveCfg = Release|Any CPU
		{CF754CD9-2E52-49A1-9CA0-58B8851C4522}.Release|Any CPU.Build.0 = Release|Any CPU
		{F224A20B-0143-47C7-9470-70974A8CCB55}.Debug|Any CPU.ActiveCfg = Debug|Any CPU
		{F224A20B-0143-47C7-9470-70974A8CCB55}.Debug|Any CPU.Build.0 = Debug|Any CPU
		{F224A20B-0143-47C7-9470-70974A8CCB55}.Release|Any CPU.ActiveCfg = Release|Any CPU
		{F224A20B-0143-47C7-9470-70974A8CCB55}.Release|Any CPU.Build.0 = Release|Any CPU
		{34928261-2B7E-47A3-843A-20AA66931352}.Debug|Any CPU.ActiveCfg = Debug|Any CPU
		{34928261-2B7E-47A3-843A-20AA66931352}.Debug|Any CPU.Build.0 = Debug|Any CPU
		{34928261-2B7E-47A3-843A-20AA66931352}.Release|Any CPU.ActiveCfg = Release|Any CPU
		{34928261-2B7E-47A3-843A-20AA66931352}.Release|Any CPU.Build.0 = Release|Any CPU
		{EFBED714-EFF3-4A1A-8A8F-9EBA4A2C7DE8}.Debug|Any CPU.ActiveCfg = Debug|Any CPU
		{EFBED714-EFF3-4A1A-8A8F-9EBA4A2C7DE8}.Debug|Any CPU.Build.0 = Debug|Any CPU
		{EFBED714-EFF3-4A1A-8A8F-9EBA4A2C7DE8}.Release|Any CPU.ActiveCfg = Release|Any CPU
		{EFBED714-EFF3-4A1A-8A8F-9EBA4A2C7DE8}.Release|Any CPU.Build.0 = Release|Any CPU
		{B26F91E5-65D9-4682-9857-838C34D94AD0}.Debug|Any CPU.ActiveCfg = Debug|Any CPU
		{B26F91E5-65D9-4682-9857-838C34D94AD0}.Debug|Any CPU.Build.0 = Debug|Any CPU
		{B26F91E5-65D9-4682-9857-838C34D94AD0}.Release|Any CPU.ActiveCfg = Release|Any CPU
		{B26F91E5-65D9-4682-9857-838C34D94AD0}.Release|Any CPU.Build.0 = Release|Any CPU
		{287F24FF-CB18-4564-9FC9-3DA2AB2B7AE3}.Debug|Any CPU.ActiveCfg = Debug|Any CPU
		{287F24FF-CB18-4564-9FC9-3DA2AB2B7AE3}.Debug|Any CPU.Build.0 = Debug|Any CPU
		{287F24FF-CB18-4564-9FC9-3DA2AB2B7AE3}.Release|Any CPU.ActiveCfg = Release|Any CPU
		{287F24FF-CB18-4564-9FC9-3DA2AB2B7AE3}.Release|Any CPU.Build.0 = Release|Any CPU
		{22A286FE-6D39-400C-AE0D-6C25F5BC8ED5}.Debug|Any CPU.ActiveCfg = Debug|Any CPU
		{22A286FE-6D39-400C-AE0D-6C25F5BC8ED5}.Debug|Any CPU.Build.0 = Debug|Any CPU
		{22A286FE-6D39-400C-AE0D-6C25F5BC8ED5}.Release|Any CPU.ActiveCfg = Release|Any CPU
		{22A286FE-6D39-400C-AE0D-6C25F5BC8ED5}.Release|Any CPU.Build.0 = Release|Any CPU
		{6046CD03-9091-4481-ADE7-D21F7EF68E2F}.Debug|Any CPU.ActiveCfg = Debug|Any CPU
		{6046CD03-9091-4481-ADE7-D21F7EF68E2F}.Debug|Any CPU.Build.0 = Debug|Any CPU
		{6046CD03-9091-4481-ADE7-D21F7EF68E2F}.Release|Any CPU.ActiveCfg = Release|Any CPU
		{6046CD03-9091-4481-ADE7-D21F7EF68E2F}.Release|Any CPU.Build.0 = Release|Any CPU
		{C84A2089-2168-43B9-BD26-72E91116F98A}.Debug|Any CPU.ActiveCfg = Debug|Any CPU
		{C84A2089-2168-43B9-BD26-72E91116F98A}.Debug|Any CPU.Build.0 = Debug|Any CPU
		{C84A2089-2168-43B9-BD26-72E91116F98A}.Release|Any CPU.ActiveCfg = Release|Any CPU
		{C84A2089-2168-43B9-BD26-72E91116F98A}.Release|Any CPU.Build.0 = Release|Any CPU
		{4D82C9BD-1A3E-441D-B554-711FEA43CAEF}.Debug|Any CPU.ActiveCfg = Debug|Any CPU
		{4D82C9BD-1A3E-441D-B554-711FEA43CAEF}.Debug|Any CPU.Build.0 = Debug|Any CPU
		{4D82C9BD-1A3E-441D-B554-711FEA43CAEF}.Release|Any CPU.ActiveCfg = Release|Any CPU
		{4D82C9BD-1A3E-441D-B554-711FEA43CAEF}.Release|Any CPU.Build.0 = Release|Any CPU
		{48A6E67E-A41E-444B-91F3-4DA3C828A354}.Debug|Any CPU.ActiveCfg = Debug|Any CPU
		{48A6E67E-A41E-444B-91F3-4DA3C828A354}.Debug|Any CPU.Build.0 = Debug|Any CPU
		{48A6E67E-A41E-444B-91F3-4DA3C828A354}.Release|Any CPU.ActiveCfg = Release|Any CPU
		{48A6E67E-A41E-444B-91F3-4DA3C828A354}.Release|Any CPU.Build.0 = Release|Any CPU
		{ED310DA7-7CEC-4614-BF37-8A0F58C05FBE}.Debug|Any CPU.ActiveCfg = Debug|Any CPU
		{ED310DA7-7CEC-4614-BF37-8A0F58C05FBE}.Debug|Any CPU.Build.0 = Debug|Any CPU
		{ED310DA7-7CEC-4614-BF37-8A0F58C05FBE}.Release|Any CPU.ActiveCfg = Release|Any CPU
		{ED310DA7-7CEC-4614-BF37-8A0F58C05FBE}.Release|Any CPU.Build.0 = Release|Any CPU
		{C4B866DE-901D-4F7D-BD6C-5DD4ED471CB2}.Debug|Any CPU.ActiveCfg = Debug|Any CPU
		{C4B866DE-901D-4F7D-BD6C-5DD4ED471CB2}.Debug|Any CPU.Build.0 = Debug|Any CPU
		{C4B866DE-901D-4F7D-BD6C-5DD4ED471CB2}.Release|Any CPU.ActiveCfg = Release|Any CPU
		{C4B866DE-901D-4F7D-BD6C-5DD4ED471CB2}.Release|Any CPU.Build.0 = Release|Any CPU
		{F98E4C31-AB8A-4EF6-B90C-D354AB946A56}.Debug|Any CPU.ActiveCfg = Debug|Any CPU
		{F98E4C31-AB8A-4EF6-B90C-D354AB946A56}.Debug|Any CPU.Build.0 = Debug|Any CPU
		{F98E4C31-AB8A-4EF6-B90C-D354AB946A56}.Release|Any CPU.ActiveCfg = Release|Any CPU
		{F98E4C31-AB8A-4EF6-B90C-D354AB946A56}.Release|Any CPU.Build.0 = Release|Any CPU
		{63BFC1B5-38C1-4B99-AAE6-D4EF7B179C15}.Debug|Any CPU.ActiveCfg = Debug|Any CPU
		{63BFC1B5-38C1-4B99-AAE6-D4EF7B179C15}.Debug|Any CPU.Build.0 = Debug|Any CPU
		{63BFC1B5-38C1-4B99-AAE6-D4EF7B179C15}.Release|Any CPU.ActiveCfg = Release|Any CPU
		{63BFC1B5-38C1-4B99-AAE6-D4EF7B179C15}.Release|Any CPU.Build.0 = Release|Any CPU
		{804F196D-A629-4933-9419-9774BBE59289}.Debug|Any CPU.ActiveCfg = Debug|Any CPU
		{804F196D-A629-4933-9419-9774BBE59289}.Debug|Any CPU.Build.0 = Debug|Any CPU
		{804F196D-A629-4933-9419-9774BBE59289}.Release|Any CPU.ActiveCfg = Release|Any CPU
		{804F196D-A629-4933-9419-9774BBE59289}.Release|Any CPU.Build.0 = Release|Any CPU
		{C34C865C-40A7-4C8E-BD22-F13544752EF1}.Debug|Any CPU.ActiveCfg = Debug|Any CPU
		{C34C865C-40A7-4C8E-BD22-F13544752EF1}.Debug|Any CPU.Build.0 = Debug|Any CPU
		{C34C865C-40A7-4C8E-BD22-F13544752EF1}.Release|Any CPU.ActiveCfg = Release|Any CPU
		{C34C865C-40A7-4C8E-BD22-F13544752EF1}.Release|Any CPU.Build.0 = Release|Any CPU
	EndGlobalSection
	GlobalSection(SolutionProperties) = preSolution
		HideSolutionNode = FALSE
	EndGlobalSection
	GlobalSection(ExtensibilityGlobals) = postSolution
		SolutionGuid = {C42D6980-6203-400C-B366-1D280BA708BC}
	EndGlobalSection
EndGlobal
